{
  "name": "lingua-franca-building",
  "version": "0.1.0",
  "lockfileVersion": 1,
  "requires": true,
  "dependencies": {
    "lingua-franca": {
      "version": "0.2.0",
      "resolved": "https://registry.npmjs.org/lingua-franca/-/lingua-franca-0.2.0.tgz",
      "integrity": "sha512-Ihtp/Xpiztt97TwGRSZju/leJ6HuspHWiVDsi1j1DFSXHx7IFaDltAIoM5kh3cTpAY9in8uiuyzXCrs47Sk/XA=="
    }
  }
}
