{
  "name": "lingua-franca-building",
  "version": "0.0.1",
  "lockfileVersion": 1,
  "requires": true,
  "dependencies": {
    "lingua-franca": {
      "version": "0.1.1",
      "resolved": "https://registry.npmjs.org/lingua-franca/-/lingua-franca-0.1.1.tgz",
      "integrity": "sha512-7DL8HqOY38qodM40GK0OcWmGNOWjgqzJp+JA7FhKeHOl3kob+EOutzDC4PJLTf2MtTR/dA8E0bgNyVImhf0k0w=="
    }
  }
}
